// !$*UTF8*$!
{
	archiveVersion = 1;
	classes = {
	};
	objectVersion = 56;
	objects = {

/* Begin PBXBuildFile section */
		8720772329C4F19B008E2F04 /* Store.swift in Sources */ = {isa = PBXBuildFile; fileRef = 8720772229C4F19B008E2F04 /* Store.swift */; };
		8720772629C5270B008E2F04 /* StoreKit.framework in Frameworks */ = {isa = PBXBuildFile; fileRef = 8720772529C5270B008E2F04 /* StoreKit.framework */; };
		87213DF629C3A44E006128D4 /* LaunchView.swift in Sources */ = {isa = PBXBuildFile; fileRef = 87213DF529C3A44E006128D4 /* LaunchView.swift */; };
		872B0D1E29AFBBD6003B3D8D /* AppIconSwift.swift in Sources */ = {isa = PBXBuildFile; fileRef = 872B0D1D29AFBBD6003B3D8D /* AppIconSwift.swift */; };
		8739EB95299D848A000026A4 /* ConvertTilesApp.swift in Sources */ = {isa = PBXBuildFile; fileRef = 8739EB94299D848A000026A4 /* ConvertTilesApp.swift */; };
		8739EB99299D848B000026A4 /* Assets.xcassets in Resources */ = {isa = PBXBuildFile; fileRef = 8739EB98299D848B000026A4 /* Assets.xcassets */; };
		8739EB9D299D848B000026A4 /* Preview Assets.xcassets in Resources */ = {isa = PBXBuildFile; fileRef = 8739EB9C299D848B000026A4 /* Preview Assets.xcassets */; };
		8739EBA4299D8D85000026A4 /* ReorderableForEach.swift in Sources */ = {isa = PBXBuildFile; fileRef = 8739EBA3299D8D85000026A4 /* ReorderableForEach.swift */; };
		8739EBA6299D8DB2000026A4 /* StringToDimension.swift in Sources */ = {isa = PBXBuildFile; fileRef = 8739EBA5299D8DB2000026A4 /* StringToDimension.swift */; };
		8739EBA8299D8F2C000026A4 /* Structs&Funcs.swift in Sources */ = {isa = PBXBuildFile; fileRef = 8739EBA7299D8F2C000026A4 /* Structs&Funcs.swift */; };
		8739EBAA299D91FE000026A4 /* SettingsView.swift in Sources */ = {isa = PBXBuildFile; fileRef = 8739EBA9299D91FE000026A4 /* SettingsView.swift */; };
		8739EBAC299DAC3C000026A4 /* AppView.swift in Sources */ = {isa = PBXBuildFile; fileRef = 8739EBAB299DAC3C000026A4 /* AppView.swift */; };
		8739EBAE299DACC0000026A4 /* TileView.swift in Sources */ = {isa = PBXBuildFile; fileRef = 8739EBAD299DACC0000026A4 /* TileView.swift */; };
		8739EBB0299DACD0000026A4 /* AddConverterView.swift in Sources */ = {isa = PBXBuildFile; fileRef = 8739EBAF299DACD0000026A4 /* AddConverterView.swift */; };
		8739EBB2299DACDE000026A4 /* EditConverterView.swift in Sources */ = {isa = PBXBuildFile; fileRef = 8739EBB1299DACDE000026A4 /* EditConverterView.swift */; };
		8739EBB6299DAD86000026A4 /* ScrollingGridView.swift in Sources */ = {isa = PBXBuildFile; fileRef = 8739EBB5299DAD86000026A4 /* ScrollingGridView.swift */; };
		8782D19D2A9EB96F00AC9E11 /* SubscriptionManager.swift in Sources */ = {isa = PBXBuildFile; fileRef = 8782D19C2A9EB96F00AC9E11 /* SubscriptionManager.swift */; };
		8784A4FD2A6EF09800AA75C0 /* KeychainManager.swift in Sources */ = {isa = PBXBuildFile; fileRef = 8784A4FC2A6EF09800AA75C0 /* KeychainManager.swift */; };
		8784A5002A6EF0C800AA75C0 /* KeychainAccess in Frameworks */ = {isa = PBXBuildFile; productRef = 8784A4FF2A6EF0C800AA75C0 /* KeychainAccess */; };
		8784A5022A6F080100AA75C0 /* FreeTrialManager.swift in Sources */ = {isa = PBXBuildFile; fileRef = 8784A5012A6F080100AA75C0 /* FreeTrialManager.swift */; };
		87DBB93B29BFD29A0071154E /* AdaptyManager.swift in Sources */ = {isa = PBXBuildFile; fileRef = 87DBB93A29BFD29A0071154E /* AdaptyManager.swift */; };
		87DBB93D29BFD2B20071154E /* PaywallView.swift in Sources */ = {isa = PBXBuildFile; fileRef = 87DBB93C29BFD2B20071154E /* PaywallView.swift */; };
		87E1601F29B6B8BE00B8BEC7 /* Adapty in Frameworks */ = {isa = PBXBuildFile; productRef = 87E1601E29B6B8BE00B8BEC7 /* Adapty */; };
		87EF9A522A6B0F9E00804460 /* UpdateView.swift in Sources */ = {isa = PBXBuildFile; fileRef = 87EF9A512A6B0F9E00804460 /* UpdateView.swift */; };
		87F256AC299E9A5900923713 /* TilePreView.swift in Sources */ = {isa = PBXBuildFile; fileRef = 87F256AB299E9A5900923713 /* TilePreView.swift */; };
/* End PBXBuildFile section */

/* Begin PBXFileReference section */
		8720772229C4F19B008E2F04 /* Store.swift */ = {isa = PBXFileReference; lastKnownFileType = sourcecode.swift; path = Store.swift; sourceTree = "<group>"; };
		8720772529C5270B008E2F04 /* StoreKit.framework */ = {isa = PBXFileReference; lastKnownFileType = wrapper.framework; name = StoreKit.framework; path = Platforms/iPhoneOS.platform/Developer/SDKs/iPhoneOS16.2.sdk/System/Library/Frameworks/StoreKit.framework; sourceTree = DEVELOPER_DIR; };
		87213DF529C3A44E006128D4 /* LaunchView.swift */ = {isa = PBXFileReference; lastKnownFileType = sourcecode.swift; path = LaunchView.swift; sourceTree = "<group>"; };
		872B0D1D29AFBBD6003B3D8D /* AppIconSwift.swift */ = {isa = PBXFileReference; lastKnownFileType = sourcecode.swift; path = AppIconSwift.swift; sourceTree = "<group>"; };
		872E36DF29A832600091FD00 /* Info.plist */ = {isa = PBXFileReference; lastKnownFileType = text.plist; path = Info.plist; sourceTree = "<group>"; };
		8739EB91299D848A000026A4 /* ConvertTiles.app */ = {isa = PBXFileReference; explicitFileType = wrapper.application; includeInIndex = 0; path = ConvertTiles.app; sourceTree = BUILT_PRODUCTS_DIR; };
		8739EB94299D848A000026A4 /* ConvertTilesApp.swift */ = {isa = PBXFileReference; lastKnownFileType = sourcecode.swift; path = ConvertTilesApp.swift; sourceTree = "<group>"; };
		8739EB98299D848B000026A4 /* Assets.xcassets */ = {isa = PBXFileReference; lastKnownFileType = folder.assetcatalog; path = Assets.xcassets; sourceTree = "<group>"; };
		8739EB9A299D848B000026A4 /* ConvertTiles.entitlements */ = {isa = PBXFileReference; lastKnownFileType = text.plist.entitlements; path = ConvertTiles.entitlements; sourceTree = "<group>"; };
		8739EB9C299D848B000026A4 /* Preview Assets.xcassets */ = {isa = PBXFileReference; lastKnownFileType = folder.assetcatalog; path = "Preview Assets.xcassets"; sourceTree = "<group>"; };
		8739EBA3299D8D85000026A4 /* ReorderableForEach.swift */ = {isa = PBXFileReference; lastKnownFileType = sourcecode.swift; path = ReorderableForEach.swift; sourceTree = "<group>"; };
		8739EBA5299D8DB2000026A4 /* StringToDimension.swift */ = {isa = PBXFileReference; lastKnownFileType = sourcecode.swift; path = StringToDimension.swift; sourceTree = "<group>"; };
		8739EBA7299D8F2C000026A4 /* Structs&Funcs.swift */ = {isa = PBXFileReference; lastKnownFileType = sourcecode.swift; path = "Structs&Funcs.swift"; sourceTree = "<group>"; };
		8739EBA9299D91FE000026A4 /* SettingsView.swift */ = {isa = PBXFileReference; lastKnownFileType = sourcecode.swift; path = SettingsView.swift; sourceTree = "<group>"; };
		8739EBAB299DAC3C000026A4 /* AppView.swift */ = {isa = PBXFileReference; lastKnownFileType = sourcecode.swift; path = AppView.swift; sourceTree = "<group>"; };
		8739EBAD299DACC0000026A4 /* TileView.swift */ = {isa = PBXFileReference; lastKnownFileType = sourcecode.swift; path = TileView.swift; sourceTree = "<group>"; };
		8739EBAF299DACD0000026A4 /* AddConverterView.swift */ = {isa = PBXFileReference; lastKnownFileType = sourcecode.swift; path = AddConverterView.swift; sourceTree = "<group>"; };
		8739EBB1299DACDE000026A4 /* EditConverterView.swift */ = {isa = PBXFileReference; lastKnownFileType = sourcecode.swift; path = EditConverterView.swift; sourceTree = "<group>"; };
		8739EBB5299DAD86000026A4 /* ScrollingGridView.swift */ = {isa = PBXFileReference; lastKnownFileType = sourcecode.swift; path = ScrollingGridView.swift; sourceTree = "<group>"; };
		8782D19C2A9EB96F00AC9E11 /* SubscriptionManager.swift */ = {isa = PBXFileReference; lastKnownFileType = sourcecode.swift; path = SubscriptionManager.swift; sourceTree = "<group>"; };
		8784A4FC2A6EF09800AA75C0 /* KeychainManager.swift */ = {isa = PBXFileReference; lastKnownFileType = sourcecode.swift; path = KeychainManager.swift; sourceTree = "<group>"; };
		8784A5012A6F080100AA75C0 /* FreeTrialManager.swift */ = {isa = PBXFileReference; lastKnownFileType = sourcecode.swift; path = FreeTrialManager.swift; sourceTree = "<group>"; };
		87DBB93A29BFD29A0071154E /* AdaptyManager.swift */ = {isa = PBXFileReference; lastKnownFileType = sourcecode.swift; path = AdaptyManager.swift; sourceTree = "<group>"; };
		87DBB93C29BFD2B20071154E /* PaywallView.swift */ = {isa = PBXFileReference; lastKnownFileType = sourcecode.swift; path = PaywallView.swift; sourceTree = "<group>"; };
		87EF9A512A6B0F9E00804460 /* UpdateView.swift */ = {isa = PBXFileReference; lastKnownFileType = sourcecode.swift; path = UpdateView.swift; sourceTree = "<group>"; };
		87F256AB299E9A5900923713 /* TilePreView.swift */ = {isa = PBXFileReference; lastKnownFileType = sourcecode.swift; path = TilePreView.swift; sourceTree = "<group>"; };
/* End PBXFileReference section */

/* Begin PBXFrameworksBuildPhase section */
		8739EB8E299D848A000026A4 /* Frameworks */ = {
			isa = PBXFrameworksBuildPhase;
			buildActionMask = 2147483647;
			files = (
				87E1601F29B6B8BE00B8BEC7 /* Adapty in Frameworks */,
				8720772629C5270B008E2F04 /* StoreKit.framework in Frameworks */,
				8784A5002A6EF0C800AA75C0 /* KeychainAccess in Frameworks */,
			);
			runOnlyForDeploymentPostprocessing = 0;
		};
/* End PBXFrameworksBuildPhase section */

/* Begin PBXGroup section */
		8720772429C5270B008E2F04 /* Frameworks */ = {
			isa = PBXGroup;
			children = (
				8720772529C5270B008E2F04 /* StoreKit.framework */,
			);
			name = Frameworks;
			sourceTree = "<group>";
		};
		873506532A9FA2DA006DF51A /* Subscription */ = {
			isa = PBXGroup;
			children = (
				8782D19C2A9EB96F00AC9E11 /* SubscriptionManager.swift */,
				87DBB93A29BFD29A0071154E /* AdaptyManager.swift */,
				8784A5012A6F080100AA75C0 /* FreeTrialManager.swift */,
				8784A4FC2A6EF09800AA75C0 /* KeychainManager.swift */,
			);
			path = Subscription;
			sourceTree = "<group>";
		};
		873506542A9FA394006DF51A /* Views */ = {
			isa = PBXGroup;
			children = (
				8739EBAB299DAC3C000026A4 /* AppView.swift */,
				87213DF529C3A44E006128D4 /* LaunchView.swift */,
				87EF9A512A6B0F9E00804460 /* UpdateView.swift */,
				8739EBB5299DAD86000026A4 /* ScrollingGridView.swift */,
				8739EBAD299DACC0000026A4 /* TileView.swift */,
				8739EBAF299DACD0000026A4 /* AddConverterView.swift */,
				8739EBB1299DACDE000026A4 /* EditConverterView.swift */,
				87F256AB299E9A5900923713 /* TilePreView.swift */,
				8739EBA9299D91FE000026A4 /* SettingsView.swift */,
				87DBB93C29BFD2B20071154E /* PaywallView.swift */,
			);
			path = Views;
			sourceTree = "<group>";
		};
		873506552A9FA3C8006DF51A /* Logic */ = {
			isa = PBXGroup;
			children = (
				8739EBA7299D8F2C000026A4 /* Structs&Funcs.swift */,
				8720772229C4F19B008E2F04 /* Store.swift */,
				8739EBA3299D8D85000026A4 /* ReorderableForEach.swift */,
				8739EBA5299D8DB2000026A4 /* StringToDimension.swift */,
			);
			path = Logic;
			sourceTree = "<group>";
		};
		8739EB88299D848A000026A4 = {
			isa = PBXGroup;
			children = (
				8739EB93299D848A000026A4 /* ConvertTiles */,
				8739EB92299D848A000026A4 /* Products */,
				8720772429C5270B008E2F04 /* Frameworks */,
			);
			sourceTree = "<group>";
		};
		8739EB92299D848A000026A4 /* Products */ = {
			isa = PBXGroup;
			children = (
				8739EB91299D848A000026A4 /* ConvertTiles.app */,
			);
			name = Products;
			sourceTree = "<group>";
		};
		8739EB93299D848A000026A4 /* ConvertTiles */ = {
			isa = PBXGroup;
			children = (
				8739EB94299D848A000026A4 /* ConvertTilesApp.swift */,
				873506542A9FA394006DF51A /* Views */,
				873506552A9FA3C8006DF51A /* Logic */,
				873506532A9FA2DA006DF51A /* Subscription */,
				8739EB98299D848B000026A4 /* Assets.xcassets */,
				872B0D1D29AFBBD6003B3D8D /* AppIconSwift.swift */,
				8739EB9A299D848B000026A4 /* ConvertTiles.entitlements */,
				872E36DF29A832600091FD00 /* Info.plist */,
				8739EB9B299D848B000026A4 /* Preview Content */,
			);
			path = ConvertTiles;
			sourceTree = "<group>";
		};
		8739EB9B299D848B000026A4 /* Preview Content */ = {
			isa = PBXGroup;
			children = (
				8739EB9C299D848B000026A4 /* Preview Assets.xcassets */,
			);
			path = "Preview Content";
			sourceTree = "<group>";
		};
/* End PBXGroup section */

/* Begin PBXNativeTarget section */
		8739EB90299D848A000026A4 /* ConvertTiles */ = {
			isa = PBXNativeTarget;
			buildConfigurationList = 8739EBA0299D848B000026A4 /* Build configuration list for PBXNativeTarget "ConvertTiles" */;
			buildPhases = (
				8739EB8D299D848A000026A4 /* Sources */,
				8739EB8E299D848A000026A4 /* Frameworks */,
				8739EB8F299D848A000026A4 /* Resources */,
			);
			buildRules = (
			);
			dependencies = (
			);
			name = ConvertTiles;
			packageProductDependencies = (
				87E1601E29B6B8BE00B8BEC7 /* Adapty */,
				8784A4FF2A6EF0C800AA75C0 /* KeychainAccess */,
			);
			productName = ConvertTiles;
			productReference = 8739EB91299D848A000026A4 /* ConvertTiles.app */;
			productType = "com.apple.product-type.application";
		};
/* End PBXNativeTarget section */

/* Begin PBXProject section */
		8739EB89299D848A000026A4 /* Project object */ = {
			isa = PBXProject;
			attributes = {
				BuildIndependentTargetsInParallel = 1;
				LastSwiftUpdateCheck = 1420;
				LastUpgradeCheck = 1430;
				TargetAttributes = {
					8739EB90299D848A000026A4 = {
						CreatedOnToolsVersion = 14.2;
					};
				};
			};
			buildConfigurationList = 8739EB8C299D848A000026A4 /* Build configuration list for PBXProject "ConvertTiles" */;
			compatibilityVersion = "Xcode 14.0";
			developmentRegion = en;
			hasScannedForEncodings = 0;
			knownRegions = (
				en,
				Base,
			);
			mainGroup = 8739EB88299D848A000026A4;
			packageReferences = (
				87E1601D29B6B8BE00B8BEC7 /* XCRemoteSwiftPackageReference "AdaptySDK-iOS" */,
				8784A4FE2A6EF0C800AA75C0 /* XCRemoteSwiftPackageReference "KeychainAccess" */,
			);
			productRefGroup = 8739EB92299D848A000026A4 /* Products */;
			projectDirPath = "";
			projectRoot = "";
			targets = (
				8739EB90299D848A000026A4 /* ConvertTiles */,
			);
		};
/* End PBXProject section */

/* Begin PBXResourcesBuildPhase section */
		8739EB8F299D848A000026A4 /* Resources */ = {
			isa = PBXResourcesBuildPhase;
			buildActionMask = 2147483647;
			files = (
				8739EB9D299D848B000026A4 /* Preview Assets.xcassets in Resources */,
				8739EB99299D848B000026A4 /* Assets.xcassets in Resources */,
			);
			runOnlyForDeploymentPostprocessing = 0;
		};
/* End PBXResourcesBuildPhase section */

/* Begin PBXSourcesBuildPhase section */
		8739EB8D299D848A000026A4 /* Sources */ = {
			isa = PBXSourcesBuildPhase;
			buildActionMask = 2147483647;
			files = (
				8739EBA8299D8F2C000026A4 /* Structs&Funcs.swift in Sources */,
				87213DF629C3A44E006128D4 /* LaunchView.swift in Sources */,
				87DBB93B29BFD29A0071154E /* AdaptyManager.swift in Sources */,
				8720772329C4F19B008E2F04 /* Store.swift in Sources */,
				87EF9A522A6B0F9E00804460 /* UpdateView.swift in Sources */,
				8739EBB2299DACDE000026A4 /* EditConverterView.swift in Sources */,
				8739EBAE299DACC0000026A4 /* TileView.swift in Sources */,
				8739EB95299D848A000026A4 /* ConvertTilesApp.swift in Sources */,
				8739EBAC299DAC3C000026A4 /* AppView.swift in Sources */,
				87F256AC299E9A5900923713 /* TilePreView.swift in Sources */,
				87DBB93D29BFD2B20071154E /* PaywallView.swift in Sources */,
				8784A5022A6F080100AA75C0 /* FreeTrialManager.swift in Sources */,
				8739EBAA299D91FE000026A4 /* SettingsView.swift in Sources */,
				8739EBB0299DACD0000026A4 /* AddConverterView.swift in Sources */,
				8784A4FD2A6EF09800AA75C0 /* KeychainManager.swift in Sources */,
				872B0D1E29AFBBD6003B3D8D /* AppIconSwift.swift in Sources */,
				8782D19D2A9EB96F00AC9E11 /* SubscriptionManager.swift in Sources */,
				8739EBA6299D8DB2000026A4 /* StringToDimension.swift in Sources */,
				8739EBB6299DAD86000026A4 /* ScrollingGridView.swift in Sources */,
				8739EBA4299D8D85000026A4 /* ReorderableForEach.swift in Sources */,
			);
			runOnlyForDeploymentPostprocessing = 0;
		};
/* End PBXSourcesBuildPhase section */

/* Begin XCBuildConfiguration section */
		8739EB9E299D848B000026A4 /* Debug */ = {
			isa = XCBuildConfiguration;
			buildSettings = {
				ALWAYS_SEARCH_USER_PATHS = NO;
				CLANG_ANALYZER_NONNULL = YES;
				CLANG_ANALYZER_NUMBER_OBJECT_CONVERSION = YES_AGGRESSIVE;
				CLANG_CXX_LANGUAGE_STANDARD = "gnu++20";
				CLANG_ENABLE_MODULES = YES;
				CLANG_ENABLE_OBJC_ARC = YES;
				CLANG_ENABLE_OBJC_WEAK = YES;
				CLANG_WARN_BLOCK_CAPTURE_AUTORELEASING = YES;
				CLANG_WARN_BOOL_CONVERSION = YES;
				CLANG_WARN_COMMA = YES;
				CLANG_WARN_CONSTANT_CONVERSION = YES;
				CLANG_WARN_DEPRECATED_OBJC_IMPLEMENTATIONS = YES;
				CLANG_WARN_DIRECT_OBJC_ISA_USAGE = YES_ERROR;
				CLANG_WARN_DOCUMENTATION_COMMENTS = YES;
				CLANG_WARN_EMPTY_BODY = YES;
				CLANG_WARN_ENUM_CONVERSION = YES;
				CLANG_WARN_INFINITE_RECURSION = YES;
				CLANG_WARN_INT_CONVERSION = YES;
				CLANG_WARN_NON_LITERAL_NULL_CONVERSION = YES;
				CLANG_WARN_OBJC_IMPLICIT_RETAIN_SELF = YES;
				CLANG_WARN_OBJC_LITERAL_CONVERSION = YES;
				CLANG_WARN_OBJC_ROOT_CLASS = YES_ERROR;
				CLANG_WARN_QUOTED_INCLUDE_IN_FRAMEWORK_HEADER = YES;
				CLANG_WARN_RANGE_LOOP_ANALYSIS = YES;
				CLANG_WARN_STRICT_PROTOTYPES = YES;
				CLANG_WARN_SUSPICIOUS_MOVE = YES;
				CLANG_WARN_UNGUARDED_AVAILABILITY = YES_AGGRESSIVE;
				CLANG_WARN_UNREACHABLE_CODE = YES;
				CLANG_WARN__DUPLICATE_METHOD_MATCH = YES;
				COPY_PHASE_STRIP = NO;
				DEAD_CODE_STRIPPING = YES;
				DEBUG_INFORMATION_FORMAT = dwarf;
				ENABLE_STRICT_OBJC_MSGSEND = YES;
				ENABLE_TESTABILITY = YES;
				GCC_C_LANGUAGE_STANDARD = gnu11;
				GCC_DYNAMIC_NO_PIC = NO;
				GCC_NO_COMMON_BLOCKS = YES;
				GCC_OPTIMIZATION_LEVEL = 0;
				GCC_PREPROCESSOR_DEFINITIONS = (
					"DEBUG=1",
					"$(inherited)",
				);
				GCC_WARN_64_TO_32_BIT_CONVERSION = YES;
				GCC_WARN_ABOUT_RETURN_TYPE = YES_ERROR;
				GCC_WARN_UNDECLARED_SELECTOR = YES;
				GCC_WARN_UNINITIALIZED_AUTOS = YES_AGGRESSIVE;
				GCC_WARN_UNUSED_FUNCTION = YES;
				GCC_WARN_UNUSED_VARIABLE = YES;
				MTL_ENABLE_DEBUG_INFO = INCLUDE_SOURCE;
				MTL_FAST_MATH = YES;
				ONLY_ACTIVE_ARCH = YES;
				SWIFT_ACTIVE_COMPILATION_CONDITIONS = DEBUG;
				SWIFT_OPTIMIZATION_LEVEL = "-Onone";
			};
			name = Debug;
		};
		8739EB9F299D848B000026A4 /* Release */ = {
			isa = XCBuildConfiguration;
			buildSettings = {
				ALWAYS_SEARCH_USER_PATHS = NO;
				CLANG_ANALYZER_NONNULL = YES;
				CLANG_ANALYZER_NUMBER_OBJECT_CONVERSION = YES_AGGRESSIVE;
				CLANG_CXX_LANGUAGE_STANDARD = "gnu++20";
				CLANG_ENABLE_MODULES = YES;
				CLANG_ENABLE_OBJC_ARC = YES;
				CLANG_ENABLE_OBJC_WEAK = YES;
				CLANG_WARN_BLOCK_CAPTURE_AUTORELEASING = YES;
				CLANG_WARN_BOOL_CONVERSION = YES;
				CLANG_WARN_COMMA = YES;
				CLANG_WARN_CONSTANT_CONVERSION = YES;
				CLANG_WARN_DEPRECATED_OBJC_IMPLEMENTATIONS = YES;
				CLANG_WARN_DIRECT_OBJC_ISA_USAGE = YES_ERROR;
				CLANG_WARN_DOCUMENTATION_COMMENTS = YES;
				CLANG_WARN_EMPTY_BODY = YES;
				CLANG_WARN_ENUM_CONVERSION = YES;
				CLANG_WARN_INFINITE_RECURSION = YES;
				CLANG_WARN_INT_CONVERSION = YES;
				CLANG_WARN_NON_LITERAL_NULL_CONVERSION = YES;
				CLANG_WARN_OBJC_IMPLICIT_RETAIN_SELF = YES;
				CLANG_WARN_OBJC_LITERAL_CONVERSION = YES;
				CLANG_WARN_OBJC_ROOT_CLASS = YES_ERROR;
				CLANG_WARN_QUOTED_INCLUDE_IN_FRAMEWORK_HEADER = YES;
				CLANG_WARN_RANGE_LOOP_ANALYSIS = YES;
				CLANG_WARN_STRICT_PROTOTYPES = YES;
				CLANG_WARN_SUSPICIOUS_MOVE = YES;
				CLANG_WARN_UNGUARDED_AVAILABILITY = YES_AGGRESSIVE;
				CLANG_WARN_UNREACHABLE_CODE = YES;
				CLANG_WARN__DUPLICATE_METHOD_MATCH = YES;
				COPY_PHASE_STRIP = NO;
				DEAD_CODE_STRIPPING = YES;
				DEBUG_INFORMATION_FORMAT = "dwarf-with-dsym";
				ENABLE_NS_ASSERTIONS = NO;
				ENABLE_STRICT_OBJC_MSGSEND = YES;
				GCC_C_LANGUAGE_STANDARD = gnu11;
				GCC_NO_COMMON_BLOCKS = YES;
				GCC_WARN_64_TO_32_BIT_CONVERSION = YES;
				GCC_WARN_ABOUT_RETURN_TYPE = YES_ERROR;
				GCC_WARN_UNDECLARED_SELECTOR = YES;
				GCC_WARN_UNINITIALIZED_AUTOS = YES_AGGRESSIVE;
				GCC_WARN_UNUSED_FUNCTION = YES;
				GCC_WARN_UNUSED_VARIABLE = YES;
				MTL_ENABLE_DEBUG_INFO = NO;
				MTL_FAST_MATH = YES;
				SWIFT_COMPILATION_MODE = wholemodule;
				SWIFT_OPTIMIZATION_LEVEL = "-O";
			};
			name = Release;
		};
		8739EBA1299D848B000026A4 /* Debug */ = {
			isa = XCBuildConfiguration;
			buildSettings = {
				ASSETCATALOG_COMPILER_APPICON_NAME = AppIcon;
				ASSETCATALOG_COMPILER_GLOBAL_ACCENT_COLOR_NAME = AccentColor;
				CODE_SIGN_ENTITLEMENTS = ConvertTiles/ConvertTiles.entitlements;
				CODE_SIGN_STYLE = Automatic;
				CURRENT_PROJECT_VERSION = 20230912;
				DEVELOPMENT_ASSET_PATHS = "\"ConvertTiles/Preview Content\"";
				DEVELOPMENT_TEAM = 33MAXP8MNQ;
				ENABLE_HARDENED_RUNTIME = YES;
				ENABLE_PREVIEWS = YES;
				GENERATE_INFOPLIST_FILE = YES;
				INFOPLIST_FILE = ConvertTiles/Info.plist;
				INFOPLIST_KEY_CFBundleDisplayName = ConvertTiles;
				INFOPLIST_KEY_LSApplicationCategoryType = "public.app-category.utilities";
				"INFOPLIST_KEY_UIApplicationSceneManifest_Generation[sdk=iphoneos*]" = YES;
				"INFOPLIST_KEY_UIApplicationSceneManifest_Generation[sdk=iphonesimulator*]" = YES;
				INFOPLIST_KEY_UIApplicationSupportsIndirectInputEvents = YES;
				"INFOPLIST_KEY_UIApplicationSupportsIndirectInputEvents[sdk=iphoneos*]" = YES;
				"INFOPLIST_KEY_UIApplicationSupportsIndirectInputEvents[sdk=iphonesimulator*]" = YES;
				INFOPLIST_KEY_UILaunchScreen_Generation = YES;
				"INFOPLIST_KEY_UILaunchScreen_Generation[sdk=iphoneos*]" = YES;
				"INFOPLIST_KEY_UILaunchScreen_Generation[sdk=iphonesimulator*]" = YES;
				INFOPLIST_KEY_UIStatusBarStyle = UIStatusBarStyleDefault;
				"INFOPLIST_KEY_UIStatusBarStyle[sdk=iphoneos*]" = UIStatusBarStyleDefault;
				"INFOPLIST_KEY_UIStatusBarStyle[sdk=iphonesimulator*]" = UIStatusBarStyleDefault;
				INFOPLIST_KEY_UISupportedInterfaceOrientations_iPad = "UIInterfaceOrientationPortrait UIInterfaceOrientationPortraitUpsideDown UIInterfaceOrientationLandscapeLeft UIInterfaceOrientationLandscapeRight";
				INFOPLIST_KEY_UISupportedInterfaceOrientations_iPhone = "UIInterfaceOrientationPortrait UIInterfaceOrientationLandscapeLeft UIInterfaceOrientationLandscapeRight";
				IPHONEOS_DEPLOYMENT_TARGET = 16.1;
				LD_RUNPATH_SEARCH_PATHS = "@executable_path/Frameworks";
				"LD_RUNPATH_SEARCH_PATHS[sdk=macosx*]" = "@executable_path/../Frameworks";
				MACOSX_DEPLOYMENT_TARGET = 13.1;
				MARKETING_VERSION = 1.1.0;
				PRODUCT_BUNDLE_IDENTIFIER = com.jasonkoehn.ConvertTiles;
				PRODUCT_NAME = "$(TARGET_NAME)";
				SDKROOT = iphoneos;
				SUPPORTED_PLATFORMS = "iphoneos iphonesimulator";
				SUPPORTS_MACCATALYST = NO;
				SUPPORTS_MAC_DESIGNED_FOR_IPHONE_IPAD = YES;
				SUPPORTS_XR_DESIGNED_FOR_IPHONE_IPAD = NO;
				SWIFT_EMIT_LOC_STRINGS = YES;
				SWIFT_VERSION = 5.0;
				TARGETED_DEVICE_FAMILY = "1,2";
			};
			name = Debug;
		};
		8739EBA2299D848B000026A4 /* Release */ = {
			isa = XCBuildConfiguration;
			buildSettings = {
				ASSETCATALOG_COMPILER_APPICON_NAME = AppIcon;
				ASSETCATALOG_COMPILER_GLOBAL_ACCENT_COLOR_NAME = AccentColor;
				CODE_SIGN_ENTITLEMENTS = ConvertTiles/ConvertTiles.entitlements;
				CODE_SIGN_STYLE = Automatic;
				CURRENT_PROJECT_VERSION = 20230912;
				DEVELOPMENT_ASSET_PATHS = "\"ConvertTiles/Preview Content\"";
				DEVELOPMENT_TEAM = 33MAXP8MNQ;
				ENABLE_HARDENED_RUNTIME = YES;
				ENABLE_PREVIEWS = YES;
				GENERATE_INFOPLIST_FILE = YES;
				INFOPLIST_FILE = ConvertTiles/Info.plist;
				INFOPLIST_KEY_CFBundleDisplayName = ConvertTiles;
				INFOPLIST_KEY_LSApplicationCategoryType = "public.app-category.utilities";
				"INFOPLIST_KEY_UIApplicationSceneManifest_Generation[sdk=iphoneos*]" = YES;
				"INFOPLIST_KEY_UIApplicationSceneManifest_Generation[sdk=iphonesimulator*]" = YES;
				INFOPLIST_KEY_UIApplicationSupportsIndirectInputEvents = YES;
				"INFOPLIST_KEY_UIApplicationSupportsIndirectInputEvents[sdk=iphoneos*]" = YES;
				"INFOPLIST_KEY_UIApplicationSupportsIndirectInputEvents[sdk=iphonesimulator*]" = YES;
				INFOPLIST_KEY_UILaunchScreen_Generation = YES;
				"INFOPLIST_KEY_UILaunchScreen_Generation[sdk=iphoneos*]" = YES;
				"INFOPLIST_KEY_UILaunchScreen_Generation[sdk=iphonesimulator*]" = YES;
				INFOPLIST_KEY_UIStatusBarStyle = UIStatusBarStyleDefault;
				"INFOPLIST_KEY_UIStatusBarStyle[sdk=iphoneos*]" = UIStatusBarStyleDefault;
				"INFOPLIST_KEY_UIStatusBarStyle[sdk=iphonesimulator*]" = UIStatusBarStyleDefault;
				INFOPLIST_KEY_UISupportedInterfaceOrientations_iPad = "UIInterfaceOrientationPortrait UIInterfaceOrientationPortraitUpsideDown UIInterfaceOrientationLandscapeLeft UIInterfaceOrientationLandscapeRight";
				INFOPLIST_KEY_UISupportedInterfaceOrientations_iPhone = "UIInterfaceOrientationPortrait UIInterfaceOrientationLandscapeLeft UIInterfaceOrientationLandscapeRight";
				IPHONEOS_DEPLOYMENT_TARGET = 16.1;
				LD_RUNPATH_SEARCH_PATHS = "@executable_path/Frameworks";
				"LD_RUNPATH_SEARCH_PATHS[sdk=macosx*]" = "@executable_path/../Frameworks";
				MACOSX_DEPLOYMENT_TARGET = 13.1;
				MARKETING_VERSION = 1.1.0;
				PRODUCT_BUNDLE_IDENTIFIER = com.jasonkoehn.ConvertTiles;
				PRODUCT_NAME = "$(TARGET_NAME)";
				SDKROOT = iphoneos;
				SUPPORTED_PLATFORMS = "iphoneos iphonesimulator";
				SUPPORTS_MACCATALYST = NO;
				SUPPORTS_MAC_DESIGNED_FOR_IPHONE_IPAD = YES;
				SUPPORTS_XR_DESIGNED_FOR_IPHONE_IPAD = NO;
				SWIFT_EMIT_LOC_STRINGS = YES;
				SWIFT_VERSION = 5.0;
				TARGETED_DEVICE_FAMILY = "1,2";
			};
			name = Release;
		};
/* End XCBuildConfiguration section */

/* Begin XCConfigurationList section */
		8739EB8C299D848A000026A4 /* Build configuration list for PBXProject "ConvertTiles" */ = {
			isa = XCConfigurationList;
			buildConfigurations = (
				8739EB9E299D848B000026A4 /* Debug */,
				8739EB9F299D848B000026A4 /* Release */,
			);
			defaultConfigurationIsVisible = 0;
			defaultConfigurationName = Release;
		};
		8739EBA0299D848B000026A4 /* Build configuration list for PBXNativeTarget "ConvertTiles" */ = {
			isa = XCConfigurationList;
			buildConfigurations = (
				8739EBA1299D848B000026A4 /* Debug */,
				8739EBA2299D848B000026A4 /* Release */,
			);
			defaultConfigurationIsVisible = 0;
			defaultConfigurationName = Release;
		};
/* End XCConfigurationList section */

/* Begin XCRemoteSwiftPackageReference section */
		8784A4FE2A6EF0C800AA75C0 /* XCRemoteSwiftPackageReference "KeychainAccess" */ = {
			isa = XCRemoteSwiftPackageReference;
			repositoryURL = "https://github.com/kishikawakatsumi/KeychainAccess";
			requirement = {
				branch = master;
				kind = branch;
			};
		};
		87E1601D29B6B8BE00B8BEC7 /* XCRemoteSwiftPackageReference "AdaptySDK-iOS" */ = {
			isa = XCRemoteSwiftPackageReference;
			repositoryURL = "https://github.com/adaptyteam/AdaptySDK-iOS.git";
			requirement = {
				kind = upToNextMajorVersion;
				minimumVersion = 2.0.0;
			};
		};
/* End XCRemoteSwiftPackageReference section */

/* Begin XCSwiftPackageProductDependency section */
		8784A4FF2A6EF0C800AA75C0 /* KeychainAccess */ = {
			isa = XCSwiftPackageProductDependency;
			package = 8784A4FE2A6EF0C800AA75C0 /* XCRemoteSwiftPackageReference "KeychainAccess" */;
			productName = KeychainAccess;
		};
		87E1601E29B6B8BE00B8BEC7 /* Adapty */ = {
			isa = XCSwiftPackageProductDependency;
			package = 87E1601D29B6B8BE00B8BEC7 /* XCRemoteSwiftPackageReference "AdaptySDK-iOS" */;
			productName = Adapty;
		};
/* End XCSwiftPackageProductDependency section */
	};
	rootObject = 8739EB89299D848A000026A4 /* Project object */;
}
